// !$*UTF8*$!
{
	archiveVersion = 1;
	classes = {
	};
	objectVersion = 77;
	objects = {

/* Begin PBXBuildFile section */
		25F520E9E6714B5C9961FC28 /* OnTimeAlarmApp.swift in Sources */ = {isa = PBXBuildFile; fileRef = B07BCBCD4CC327E443EAA179 /* OnTimeAlarmApp.swift */; };
		28BF1472B144E03ADE087393 /* SavedPlace.swift in Sources */ = {isa = PBXBuildFile; fileRef = D22479293673B91377874F84 /* SavedPlace.swift */; };
		306854E41A7C28DFFB46D5FF /* TravelTimeService.swift in Sources */ = {isa = PBXBuildFile; fileRef = 59821B515689CD008DA25C5B /* TravelTimeService.swift */; };
		308CAF00822E6B7163FDF34A /* BarrageScheduler.swift in Sources */ = {isa = PBXBuildFile; fileRef = 147ABE59FE1D42F05CDA0A84 /* BarrageScheduler.swift */; };
		3D7ABD5AEF80C49315FA2374 /* LocationManager.swift in Sources */ = {isa = PBXBuildFile; fileRef = 4CCBF702C7CA8403572AEC52 /* LocationManager.swift */; };
		4AA83E84645A7F9F0018F74D /* DepartureListRow.swift in Sources */ = {isa = PBXBuildFile; fileRef = C1EEEB884B4831D4F57C8D2E /* DepartureListRow.swift */; };
		4DCF639EB447A557CE6363F0 /* AddPlaceSheet.swift in Sources */ = {isa = PBXBuildFile; fileRef = EDE00E897DC5AECFCAE537D8 /* AddPlaceSheet.swift */; };
		547C290D3CB99D68F0FE0408 /* MapPreviewView.swift in Sources */ = {isa = PBXBuildFile; fileRef = 7529CB3FB337E37EE376F570 /* MapPreviewView.swift */; };
		7228ED227C6E9F418AA10A3D /* TimeCalculator.swift in Sources */ = {isa = PBXBuildFile; fileRef = FD834537C082148EE9D02EC3 /* TimeCalculator.swift */; };
		82C17CF98F6F5FAFF50BA71A /* DepartureWizardView.swift in Sources */ = {isa = PBXBuildFile; fileRef = 97EEF29135637BDF9FCEDB7A /* DepartureWizardView.swift */; };
		8CE78EC28BB83D36FED131D0 /* LocationSearchSheet.swift in Sources */ = {isa = PBXBuildFile; fileRef = 3E2C0BF418D2EAAE7BF87933 /* LocationSearchSheet.swift */; };
		9510E4BBC7173FE58CD34A12 /* Departure.swift in Sources */ = {isa = PBXBuildFile; fileRef = 0C98AEBC096AEF0A64A0AAE7 /* Departure.swift */; };
		AAFA40FA09C90A35B529FF88 /* DepartureListView.swift in Sources */ = {isa = PBXBuildFile; fileRef = 4BB2474D62B8E1136BA21870 /* DepartureListView.swift */; };
		B906B3F566186C6B44700C5E /* LocationSearchService.swift in Sources */ = {isa = PBXBuildFile; fileRef = 5C8190A45D1AFA6A181161D0 /* LocationSearchService.swift */; };
		CF5B815EACAE66F25928D882 /* DepartureEditorView.swift in Sources */ = {isa = PBXBuildFile; fileRef = 49C2212B35CE9A3E3CA0241B /* DepartureEditorView.swift */; };
		D4827B52A17BC8FE887F960E /* PlacesRow.swift in Sources */ = {isa = PBXBuildFile; fileRef = E1E4E8DF5C6D20B038E5E409 /* PlacesRow.swift */; };
		D5EE3422DFD753BFDA7DF8FF /* NotificationManager.swift in Sources */ = {isa = PBXBuildFile; fileRef = AFA3C3CC3F55B111294FAE8C /* NotificationManager.swift */; };
		DA7ADCD6A97A023580AC8242 /* DepartureCardView.swift in Sources */ = {isa = PBXBuildFile; fileRef = 29F7ACF88FFF6EC409B2CED1 /* DepartureCardView.swift */; };
		EC22FB9542796A5D8283B74C /* EmptyStateView.swift in Sources */ = {isa = PBXBuildFile; fileRef = 22A31552A5B438BE24CCED42 /* EmptyStateView.swift */; };
		F89DBA2455636FF891FC234A /* Preferences.swift in Sources */ = {isa = PBXBuildFile; fileRef = ACF7479D8B79978593B55992 /* Preferences.swift */; };
/* End PBXBuildFile section */

/* Begin PBXFileReference section */
		0C98AEBC096AEF0A64A0AAE7 /* Departure.swift */ = {isa = PBXFileReference; lastKnownFileType = sourcecode.swift; path = Departure.swift; sourceTree = "<group>"; };
		147ABE59FE1D42F05CDA0A84 /* BarrageScheduler.swift */ = {isa = PBXFileReference; lastKnownFileType = sourcecode.swift; path = BarrageScheduler.swift; sourceTree = "<group>"; };
		22A31552A5B438BE24CCED42 /* EmptyStateView.swift */ = {isa = PBXFileReference; lastKnownFileType = sourcecode.swift; path = EmptyStateView.swift; sourceTree = "<group>"; };
		29F7ACF88FFF6EC409B2CED1 /* DepartureCardView.swift */ = {isa = PBXFileReference; lastKnownFileType = sourcecode.swift; path = DepartureCardView.swift; sourceTree = "<group>"; };
		3E2C0BF418D2EAAE7BF87933 /* LocationSearchSheet.swift */ = {isa = PBXFileReference; lastKnownFileType = sourcecode.swift; path = LocationSearchSheet.swift; sourceTree = "<group>"; };
		49C2212B35CE9A3E3CA0241B /* DepartureEditorView.swift */ = {isa = PBXFileReference; lastKnownFileType = sourcecode.swift; path = DepartureEditorView.swift; sourceTree = "<group>"; };
		4BB2474D62B8E1136BA21870 /* DepartureListView.swift */ = {isa = PBXFileReference; lastKnownFileType = sourcecode.swift; path = DepartureListView.swift; sourceTree = "<group>"; };
		4CCBF702C7CA8403572AEC52 /* LocationManager.swift */ = {isa = PBXFileReference; lastKnownFileType = sourcecode.swift; path = LocationManager.swift; sourceTree = "<group>"; };
		59821B515689CD008DA25C5B /* TravelTimeService.swift */ = {isa = PBXFileReference; lastKnownFileType = sourcecode.swift; path = TravelTimeService.swift; sourceTree = "<group>"; };
		5C8190A45D1AFA6A181161D0 /* LocationSearchService.swift */ = {isa = PBXFileReference; lastKnownFileType = sourcecode.swift; path = LocationSearchService.swift; sourceTree = "<group>"; };
		6462AA348A7FD628ED37DD83 /* OnTimeAlarm.app */ = {isa = PBXFileReference; includeInIndex = 0; lastKnownFileType = wrapper.application; path = OnTimeAlarm.app; sourceTree = BUILT_PRODUCTS_DIR; };
		7529CB3FB337E37EE376F570 /* MapPreviewView.swift */ = {isa = PBXFileReference; lastKnownFileType = sourcecode.swift; path = MapPreviewView.swift; sourceTree = "<group>"; };
		97EEF29135637BDF9FCEDB7A /* DepartureWizardView.swift */ = {isa = PBXFileReference; lastKnownFileType = sourcecode.swift; path = DepartureWizardView.swift; sourceTree = "<group>"; };
		ACF7479D8B79978593B55992 /* Preferences.swift */ = {isa = PBXFileReference; lastKnownFileType = sourcecode.swift; path = Preferences.swift; sourceTree = "<group>"; };
		AFA3C3CC3F55B111294FAE8C /* NotificationManager.swift */ = {isa = PBXFileReference; lastKnownFileType = sourcecode.swift; path = NotificationManager.swift; sourceTree = "<group>"; };
		B07BCBCD4CC327E443EAA179 /* OnTimeAlarmApp.swift */ = {isa = PBXFileReference; lastKnownFileType = sourcecode.swift; path = OnTimeAlarmApp.swift; sourceTree = "<group>"; };
		C1EEEB884B4831D4F57C8D2E /* DepartureListRow.swift */ = {isa = PBXFileReference; lastKnownFileType = sourcecode.swift; path = DepartureListRow.swift; sourceTree = "<group>"; };
		D22479293673B91377874F84 /* SavedPlace.swift */ = {isa = PBXFileReference; lastKnownFileType = sourcecode.swift; path = SavedPlace.swift; sourceTree = "<group>"; };
		E1E4E8DF5C6D20B038E5E409 /* PlacesRow.swift */ = {isa = PBXFileReference; lastKnownFileType = sourcecode.swift; path = PlacesRow.swift; sourceTree = "<group>"; };
		EDE00E897DC5AECFCAE537D8 /* AddPlaceSheet.swift */ = {isa = PBXFileReference; lastKnownFileType = sourcecode.swift; path = AddPlaceSheet.swift; sourceTree = "<group>"; };
		FD834537C082148EE9D02EC3 /* TimeCalculator.swift */ = {isa = PBXFileReference; lastKnownFileType = sourcecode.swift; path = TimeCalculator.swift; sourceTree = "<group>"; };
/* End PBXFileReference section */

/* Begin PBXGroup section */
		028451FC64F88EF659CB5D7E /* Services */ = {
			isa = PBXGroup;
			children = (
				147ABE59FE1D42F05CDA0A84 /* BarrageScheduler.swift */,
				4CCBF702C7CA8403572AEC52 /* LocationManager.swift */,
				5C8190A45D1AFA6A181161D0 /* LocationSearchService.swift */,
				AFA3C3CC3F55B111294FAE8C /* NotificationManager.swift */,
				59821B515689CD008DA25C5B /* TravelTimeService.swift */,
			);
			path = Services;
			sourceTree = "<group>";
		};
		0939DB85AFF4AA20DC0A07B4 /* Models */ = {
			isa = PBXGroup;
			children = (
				0C98AEBC096AEF0A64A0AAE7 /* Departure.swift */,
				ACF7479D8B79978593B55992 /* Preferences.swift */,
				D22479293673B91377874F84 /* SavedPlace.swift */,
			);
			path = Models;
			sourceTree = "<group>";
		};
		194D8CA3DB1F2B3FF7315594 /* Views */ = {
			isa = PBXGroup;
			children = (
				EDE00E897DC5AECFCAE537D8 /* AddPlaceSheet.swift */,
				29F7ACF88FFF6EC409B2CED1 /* DepartureCardView.swift */,
				49C2212B35CE9A3E3CA0241B /* DepartureEditorView.swift */,
				C1EEEB884B4831D4F57C8D2E /* DepartureListRow.swift */,
				4BB2474D62B8E1136BA21870 /* DepartureListView.swift */,
				97EEF29135637BDF9FCEDB7A /* DepartureWizardView.swift */,
				22A31552A5B438BE24CCED42 /* EmptyStateView.swift */,
				3E2C0BF418D2EAAE7BF87933 /* LocationSearchSheet.swift */,
				7529CB3FB337E37EE376F570 /* MapPreviewView.swift */,
				E1E4E8DF5C6D20B038E5E409 /* PlacesRow.swift */,
			);
			path = Views;
			sourceTree = "<group>";
		};
		31B07F9CCD4CC8879DE2EC91 /* Products */ = {
			isa = PBXGroup;
			children = (
				6462AA348A7FD628ED37DD83 /* OnTimeAlarm.app */,
			);
			name = Products;
			sourceTree = "<group>";
		};
		7910488BB9355953E173763E /* Utilities */ = {
			isa = PBXGroup;
			children = (
				FD834537C082148EE9D02EC3 /* TimeCalculator.swift */,
			);
			path = Utilities;
			sourceTree = "<group>";
		};
		98A10BBA81EFD47A7ED2A1DE /* OnTimeAlarm */ = {
			isa = PBXGroup;
			children = (
				B07BCBCD4CC327E443EAA179 /* OnTimeAlarmApp.swift */,
				0939DB85AFF4AA20DC0A07B4 /* Models */,
				028451FC64F88EF659CB5D7E /* Services */,
				7910488BB9355953E173763E /* Utilities */,
				194D8CA3DB1F2B3FF7315594 /* Views */,
			);
			path = OnTimeAlarm;
			sourceTree = "<group>";
		};
		A8004E6DC2C395E350A6B6B5 = {
			isa = PBXGroup;
			children = (
				98A10BBA81EFD47A7ED2A1DE /* OnTimeAlarm */,
				31B07F9CCD4CC8879DE2EC91 /* Products */,
			);
			sourceTree = "<group>";
		};
/* End PBXGroup section */

/* Begin PBXNativeTarget section */
		7A69D68C8F56C3D4A0836073 /* OnTimeAlarm */ = {
			isa = PBXNativeTarget;
			buildConfigurationList = 45B0F26DB35B8A33B0A09466 /* Build configuration list for PBXNativeTarget "OnTimeAlarm" */;
			buildPhases = (
				851DD4A7843F3FCF9DB692D1 /* Sources */,
			);
			buildRules = (
			);
			dependencies = (
			);
			name = OnTimeAlarm;
			packageProductDependencies = (
			);
			productName = OnTimeAlarm;
			productReference = 6462AA348A7FD628ED37DD83 /* OnTimeAlarm.app */;
			productType = "com.apple.product-type.application";
		};
/* End PBXNativeTarget section */

/* Begin PBXProject section */
		93F237F1D209A64D315B7B86 /* Project object */ = {
			isa = PBXProject;
			attributes = {
				BuildIndependentTargetsInParallel = YES;
				LastUpgradeCheck = 1500;
			};
			buildConfigurationList = 79596A676B9D7001BE53BA3C /* Build configuration list for PBXProject "OnTimeAlarm" */;
			compatibilityVersion = "Xcode 14.0";
			developmentRegion = en;
			hasScannedForEncodings = 0;
			knownRegions = (
				Base,
				en,
			);
			mainGroup = A8004E6DC2C395E350A6B6B5;
			minimizedProjectReferenceProxies = 1;
			preferredProjectObjectVersion = 77;
			projectDirPath = "";
			projectRoot = "";
			targets = (
				7A69D68C8F56C3D4A0836073 /* OnTimeAlarm */,
			);
		};
/* End PBXProject section */

/* Begin PBXSourcesBuildPhase section */
		851DD4A7843F3FCF9DB692D1 /* Sources */ = {
			isa = PBXSourcesBuildPhase;
			buildActionMask = 2147483647;
			files = (
				4DCF639EB447A557CE6363F0 /* AddPlaceSheet.swift in Sources */,
				308CAF00822E6B7163FDF34A /* BarrageScheduler.swift in Sources */,
				9510E4BBC7173FE58CD34A12 /* Departure.swift in Sources */,
				DA7ADCD6A97A023580AC8242 /* DepartureCardView.swift in Sources */,
				CF5B815EACAE66F25928D882 /* DepartureEditorView.swift in Sources */,
				4AA83E84645A7F9F0018F74D /* DepartureListRow.swift in Sources */,
				AAFA40FA09C90A35B529FF88 /* DepartureListView.swift in Sources */,
				82C17CF98F6F5FAFF50BA71A /* DepartureWizardView.swift in Sources */,
				EC22FB9542796A5D8283B74C /* EmptyStateView.swift in Sources */,
				3D7ABD5AEF80C49315FA2374 /* LocationManager.swift in Sources */,
				B906B3F566186C6B44700C5E /* LocationSearchService.swift in Sources */,
				8CE78EC28BB83D36FED131D0 /* LocationSearchSheet.swift in Sources */,
				547C290D3CB99D68F0FE0408 /* MapPreviewView.swift in Sources */,
				D5EE3422DFD753BFDA7DF8FF /* NotificationManager.swift in Sources */,
				25F520E9E6714B5C9961FC28 /* OnTimeAlarmApp.swift in Sources */,
				D4827B52A17BC8FE887F960E /* PlacesRow.swift in Sources */,
				F89DBA2455636FF891FC234A /* Preferences.swift in Sources */,
				28BF1472B144E03ADE087393 /* SavedPlace.swift in Sources */,
				7228ED227C6E9F418AA10A3D /* TimeCalculator.swift in Sources */,
				306854E41A7C28DFFB46D5FF /* TravelTimeService.swift in Sources */,
			);
			runOnlyForDeploymentPostprocessing = 0;
		};
/* End PBXSourcesBuildPhase section */

/* Begin XCBuildConfiguration section */
		139164C9E6E30EBCEA30A909 /* Debug */ = {
			isa = XCBuildConfiguration;
			buildSettings = {
				ASSETCATALOG_COMPILER_APPICON_NAME = AppIcon;
				CODE_SIGN_IDENTITY = "iPhone Developer";
				CURRENT_PROJECT_VERSION = 1;
				GENERATE_INFOPLIST_FILE = YES;
				INFOPLIST_GENERATION_MODE = GeneratedFile;
				INFOPLIST_KEY_CFBundleDisplayName = OnTime;
				INFOPLIST_KEY_NSLocationWhenInUseUsageDescription = "OnTime needs your location to calculate travel time to your destinations.";
				INFOPLIST_KEY_UIApplicationSceneManifest_Generation = YES;
				INFOPLIST_KEY_UILaunchScreen_Generation = YES;
				INFOPLIST_KEY_UISupportedInterfaceOrientations_iPhone = UIInterfaceOrientationPortrait;
				LD_RUNPATH_SEARCH_PATHS = (
					"$(inherited)",
					"@executable_path/Frameworks",
				);
				MARKETING_VERSION = 1.0.0;
				PRODUCT_BUNDLE_IDENTIFIER = com.antigravity.OnTimeAlarm;
				SDKROOT = iphoneos;
				SWIFT_EMIT_LOC_STRINGS = YES;
				TARGETED_DEVICE_FAMILY = "1,2";
			};
			name = Debug;
		};
		4B51C541B109219BD46C2388 /* Debug */ = {
			isa = XCBuildConfiguration;
			buildSettings = {
				ALWAYS_SEARCH_USER_PATHS = NO;
				CLANG_ANALYZER_NONNULL = YES;
				CLANG_ANALYZER_NUMBER_OBJECT_CONVERSION = YES_AGGRESSIVE;
				CLANG_CXX_LANGUAGE_STANDARD = "gnu++14";
				CLANG_CXX_LIBRARY = "libc++";
				CLANG_ENABLE_MODULES = YES;
				CLANG_ENABLE_OBJC_ARC = YES;
				CLANG_ENABLE_OBJC_WEAK = YES;
				CLANG_WARN_BLOCK_CAPTURE_AUTORELEASING = YES;
				CLANG_WARN_BOOL_CONVERSION = YES;
				CLANG_WARN_COMMA = YES;
				CLANG_WARN_CONSTANT_CONVERSION = YES;
				CLANG_WARN_DEPRECATED_OBJC_IMPLEMENTATIONS = YES;
				CLANG_WARN_DIRECT_OBJC_ISA_USAGE = YES_ERROR;
				CLANG_WARN_DOCUMENTATION_COMMENTS = YES;
				CLANG_WARN_EMPTY_BODY = YES;
				CLANG_WARN_ENUM_CONVERSION = YES;
				CLANG_WARN_INFINITE_RECURSION = YES;
				CLANG_WARN_INT_CONVERSION = YES;
				CLANG_WARN_NON_LITERAL_NULL_CONVERSION = YES;
				CLANG_WARN_OBJC_IMPLICIT_RETAIN_SELF = YES;
				CLANG_WARN_OBJC_LITERAL_CONVERSION = YES;
				CLANG_WARN_OBJC_ROOT_CLASS = YES_ERROR;
				CLANG_WARN_QUOTED_INCLUDE_IN_FRAMEWORK_HEADER = YES;
				CLANG_WARN_RANGE_LOOP_ANALYSIS = YES;
				CLANG_WARN_STRICT_PROTOTYPES = YES;
				CLANG_WARN_SUSPICIOUS_MOVE = YES;
				CLANG_WARN_UNGUARDED_AVAILABILITY = YES_AGGRESSIVE;
				CLANG_WARN_UNREACHABLE_CODE = YES;
				CLANG_WARN__DUPLICATE_METHOD_MATCH = YES;
				COPY_PHASE_STRIP = NO;
				DEBUG_INFORMATION_FORMAT = dwarf;
				ENABLE_STRICT_OBJC_MSGSEND = YES;
				ENABLE_TESTABILITY = YES;
				GCC_C_LANGUAGE_STANDARD = gnu11;
				GCC_DYNAMIC_NO_PIC = NO;
				GCC_NO_COMMON_BLOCKS = YES;
				GCC_OPTIMIZATION_LEVEL = 0;
				GCC_PREPROCESSOR_DEFINITIONS = (
					"$(inherited)",
					"DEBUG=1",
				);
				GCC_WARN_64_TO_32_BIT_CONVERSION = YES;
				GCC_WARN_ABOUT_RETURN_TYPE = YES_ERROR;
				GCC_WARN_UNDECLARED_SELECTOR = YES;
				GCC_WARN_UNINITIALIZED_AUTOS = YES_AGGRESSIVE;
				GCC_WARN_UNUSED_FUNCTION = YES;
				GCC_WARN_UNUSED_VARIABLE = YES;
				IPHONEOS_DEPLOYMENT_TARGET = 17.0;
				MTL_ENABLE_DEBUG_INFO = INCLUDE_SOURCE;
				MTL_FAST_MATH = YES;
				ONLY_ACTIVE_ARCH = YES;
				PRODUCT_NAME = "$(TARGET_NAME)";
				SDKROOT = iphoneos;
				SWIFT_ACTIVE_COMPILATION_CONDITIONS = DEBUG;
				SWIFT_OPTIMIZATION_LEVEL = "-Onone";
				SWIFT_VERSION = 5.0;
			};
			name = Debug;
		};
		75ED4C5617F03EF27BCDE37B /* Release */ = {
			isa = XCBuildConfiguration;
			buildSettings = {
				ALWAYS_SEARCH_USER_PATHS = NO;
				CLANG_ANALYZER_NONNULL = YES;
				CLANG_ANALYZER_NUMBER_OBJECT_CONVERSION = YES_AGGRESSIVE;
				CLANG_CXX_LANGUAGE_STANDARD = "gnu++14";
				CLANG_CXX_LIBRARY = "libc++";
				CLANG_ENABLE_MODULES = YES;
				CLANG_ENABLE_OBJC_ARC = YES;
				CLANG_ENABLE_OBJC_WEAK = YES;
				CLANG_WARN_BLOCK_CAPTURE_AUTORELEASING = YES;
				CLANG_WARN_BOOL_CONVERSION = YES;
				CLANG_WARN_COMMA = YES;
				CLANG_WARN_CONSTANT_CONVERSION = YES;
				CLANG_WARN_DEPRECATED_OBJC_IMPLEMENTATIONS = YES;
				CLANG_WARN_DIRECT_OBJC_ISA_USAGE = YES_ERROR;
				CLANG_WARN_DOCUMENTATION_COMMENTS = YES;
				CLANG_WARN_EMPTY_BODY = YES;
				CLANG_WARN_ENUM_CONVERSION = YES;
				CLANG_WARN_INFINITE_RECURSION = YES;
				CLANG_WARN_INT_CONVERSION = YES;
				CLANG_WARN_NON_LITERAL_NULL_CONVERSION = YES;
				CLANG_WARN_OBJC_IMPLICIT_RETAIN_SELF = YES;
				CLANG_WARN_OBJC_LITERAL_CONVERSION = YES;
				CLANG_WARN_OBJC_ROOT_CLASS = YES_ERROR;
				CLANG_WARN_QUOTED_INCLUDE_IN_FRAMEWORK_HEADER = YES;
				CLANG_WARN_RANGE_LOOP_ANALYSIS = YES;
				CLANG_WARN_STRICT_PROTOTYPES = YES;
				CLANG_WARN_SUSPICIOUS_MOVE = YES;
				CLANG_WARN_UNGUARDED_AVAILABILITY = YES_AGGRESSIVE;
				CLANG_WARN_UNREACHABLE_CODE = YES;
				CLANG_WARN__DUPLICATE_METHOD_MATCH = YES;
				COPY_PHASE_STRIP = NO;
				DEBUG_INFORMATION_FORMAT = "dwarf-with-dsym";
				ENABLE_NS_ASSERTIONS = NO;
				ENABLE_STRICT_OBJC_MSGSEND = YES;
				GCC_C_LANGUAGE_STANDARD = gnu11;
				GCC_NO_COMMON_BLOCKS = YES;
				GCC_WARN_64_TO_32_BIT_CONVERSION = YES;
				GCC_WARN_ABOUT_RETURN_TYPE = YES_ERROR;
				GCC_WARN_UNDECLARED_SELECTOR = YES;
				GCC_WARN_UNINITIALIZED_AUTOS = YES_AGGRESSIVE;
				GCC_WARN_UNUSED_FUNCTION = YES;
				GCC_WARN_UNUSED_VARIABLE = YES;
				IPHONEOS_DEPLOYMENT_TARGET = 17.0;
				MTL_ENABLE_DEBUG_INFO = NO;
				MTL_FAST_MATH = YES;
				PRODUCT_NAME = "$(TARGET_NAME)";
				SDKROOT = iphoneos;
				SWIFT_COMPILATION_MODE = wholemodule;
				SWIFT_OPTIMIZATION_LEVEL = "-O";
				SWIFT_VERSION = 5.0;
			};
			name = Release;
		};
		B0CED2D48DC26AE3286C4C7A /* Release */ = {
			isa = XCBuildConfiguration;
			buildSettings = {
				ASSETCATALOG_COMPILER_APPICON_NAME = AppIcon;
				CODE_SIGN_IDENTITY = "iPhone Developer";
				CURRENT_PROJECT_VERSION = 1;
				GENERATE_INFOPLIST_FILE = YES;
				INFOPLIST_GENERATION_MODE = GeneratedFile;
				INFOPLIST_KEY_CFBundleDisplayName = OnTime;
				INFOPLIST_KEY_NSLocationWhenInUseUsageDescription = "OnTime needs your location to calculate travel time to your destinations.";
				INFOPLIST_KEY_UIApplicationSceneManifest_Generation = YES;
				INFOPLIST_KEY_UILaunchScreen_Generation = YES;
				INFOPLIST_KEY_UISupportedInterfaceOrientations_iPhone = UIInterfaceOrientationPortrait;
				LD_RUNPATH_SEARCH_PATHS = (
					"$(inherited)",
					"@executable_path/Frameworks",
				);
				MARKETING_VERSION = 1.0.0;
				PRODUCT_BUNDLE_IDENTIFIER = com.antigravity.OnTimeAlarm;
				SDKROOT = iphoneos;
				SWIFT_EMIT_LOC_STRINGS = YES;
				TARGETED_DEVICE_FAMILY = "1,2";
			};
			name = Release;
		};
/* End XCBuildConfiguration section */

/* Begin XCConfigurationList section */
		45B0F26DB35B8A33B0A09466 /* Build configuration list for PBXNativeTarget "OnTimeAlarm" */ = {
			isa = XCConfigurationList;
			buildConfigurations = (
				139164C9E6E30EBCEA30A909 /* Debug */,
				B0CED2D48DC26AE3286C4C7A /* Release */,
			);
			defaultConfigurationIsVisible = 0;
			defaultConfigurationName = Debug;
		};
		79596A676B9D7001BE53BA3C /* Build configuration list for PBXProject "OnTimeAlarm" */ = {
			isa = XCConfigurationList;
			buildConfigurations = (
				4B51C541B109219BD46C2388 /* Debug */,
				75ED4C5617F03EF27BCDE37B /* Release */,
			);
			defaultConfigurationIsVisible = 0;
			defaultConfigurationName = Debug;
		};
/* End XCConfigurationList section */
	};
	rootObject = 93F237F1D209A64D315B7B86 /* Project object */;
}
